
Microsoft Visual Studio Solution File, Format Version 12.00
# Visual Studio 15
VisualStudioVersion = 15.0.28307.645
MinimumVisualStudioVersion = 10.0.40219.1
Project("{FAE04EC0-301F-11D3-BF4B-00C04F79EFBC}") = "Zadatak_45", "Zadatak_45\Zadatak_45.csproj", "{F0DA09BF-0967-42FE-BCBA-14A175DC1AB5}"
EndProject
Global
	GlobalSection(SolutionConfigurationPlatforms) = preSolution
		Debug|Any CPU = Debug|Any CPU
		Release|Any CPU = Release|Any CPU
	EndGlobalSection
	GlobalSection(ProjectConfigurationPlatforms) = postSolution
		{F0DA09BF-0967-42FE-BCBA-14A175DC1AB5}.Debug|Any CPU.ActiveCfg = Debug|Any CPU
		{F0DA09BF-0967-42FE-BCBA-14A175DC1AB5}.Debug|Any CPU.Build.0 = Debug|Any CPU
		{F0DA09BF-0967-42FE-BCBA-14A175DC1AB5}.Release|Any CPU.ActiveCfg = Release|Any CPU
		{F0DA09BF-0967-42FE-BCBA-14A175DC1AB5}.Release|Any CPU.Build.0 = Release|Any CPU
	EndGlobalSection
	GlobalSection(SolutionProperties) = preSolution
		HideSolutionNode = FALSE
	EndGlobalSection
	GlobalSection(ExtensibilityGlobals) = postSolution
		SolutionGuid = {BFB448D9-3D9C-43F5-91B1-48B019F0D48F}
	EndGlobalSection
EndGlobal
