
Microsoft Visual Studio Solution File, Format Version 12.00
# Visual Studio 15
VisualStudioVersion = 15.0.28307.645
MinimumVisualStudioVersion = 10.0.40219.1
Project("{FAE04EC0-301F-11D3-BF4B-00C04F79EFBC}") = "Zadatak_42", "Zadatak_42\Zadatak_42.csproj", "{C45FED46-0509-41AD-9043-E3D500E80885}"
EndProject
Global
	GlobalSection(SolutionConfigurationPlatforms) = preSolution
		Debug|Any CPU = Debug|Any CPU
		Release|Any CPU = Release|Any CPU
	EndGlobalSection
	GlobalSection(ProjectConfigurationPlatforms) = postSolution
		{C45FED46-0509-41AD-9043-E3D500E80885}.Debug|Any CPU.ActiveCfg = Debug|Any CPU
		{C45FED46-0509-41AD-9043-E3D500E80885}.Debug|Any CPU.Build.0 = Debug|Any CPU
		{C45FED46-0509-41AD-9043-E3D500E80885}.Release|Any CPU.ActiveCfg = Release|Any CPU
		{C45FED46-0509-41AD-9043-E3D500E80885}.Release|Any CPU.Build.0 = Release|Any CPU
	EndGlobalSection
	GlobalSection(SolutionProperties) = preSolution
		HideSolutionNode = FALSE
	EndGlobalSection
	GlobalSection(ExtensibilityGlobals) = postSolution
		SolutionGuid = {BCB8F429-87EF-42B3-9F28-6379F0EB8CB6}
	EndGlobalSection
EndGlobal
