
Microsoft Visual Studio Solution File, Format Version 12.00
# Visual Studio 15
VisualStudioVersion = 15.0.28307.645
MinimumVisualStudioVersion = 10.0.40219.1
Project("{FAE04EC0-301F-11D3-BF4B-00C04F79EFBC}") = "Zadatak_44", "Zadatak_44\Zadatak_44.csproj", "{49B0FDF7-2B82-486A-A499-79FD6AE359E6}"
EndProject
Global
	GlobalSection(SolutionConfigurationPlatforms) = preSolution
		Debug|Any CPU = Debug|Any CPU
		Release|Any CPU = Release|Any CPU
	EndGlobalSection
	GlobalSection(ProjectConfigurationPlatforms) = postSolution
		{49B0FDF7-2B82-486A-A499-79FD6AE359E6}.Debug|Any CPU.ActiveCfg = Debug|Any CPU
		{49B0FDF7-2B82-486A-A499-79FD6AE359E6}.Debug|Any CPU.Build.0 = Debug|Any CPU
		{49B0FDF7-2B82-486A-A499-79FD6AE359E6}.Release|Any CPU.ActiveCfg = Release|Any CPU
		{49B0FDF7-2B82-486A-A499-79FD6AE359E6}.Release|Any CPU.Build.0 = Release|Any CPU
	EndGlobalSection
	GlobalSection(SolutionProperties) = preSolution
		HideSolutionNode = FALSE
	EndGlobalSection
	GlobalSection(ExtensibilityGlobals) = postSolution
		SolutionGuid = {660D8973-5768-4E22-AC00-C51036EADF4F}
	EndGlobalSection
EndGlobal
