
Microsoft Visual Studio Solution File, Format Version 12.00
# Visual Studio 15
VisualStudioVersion = 15.0.28307.489
MinimumVisualStudioVersion = 10.0.40219.1
Project("{FAE04EC0-301F-11D3-BF4B-00C04F79EFBC}") = "Zadatak_28", "Zadatak_28\Zadatak_28.csproj", "{BE3B46B2-B4D7-44FD-B8CD-D782C4F8498D}"
EndProject
Global
	GlobalSection(SolutionConfigurationPlatforms) = preSolution
		Debug|Any CPU = Debug|Any CPU
		Release|Any CPU = Release|Any CPU
	EndGlobalSection
	GlobalSection(ProjectConfigurationPlatforms) = postSolution
		{BE3B46B2-B4D7-44FD-B8CD-D782C4F8498D}.Debug|Any CPU.ActiveCfg = Debug|Any CPU
		{BE3B46B2-B4D7-44FD-B8CD-D782C4F8498D}.Debug|Any CPU.Build.0 = Debug|Any CPU
		{BE3B46B2-B4D7-44FD-B8CD-D782C4F8498D}.Release|Any CPU.ActiveCfg = Release|Any CPU
		{BE3B46B2-B4D7-44FD-B8CD-D782C4F8498D}.Release|Any CPU.Build.0 = Release|Any CPU
	EndGlobalSection
	GlobalSection(SolutionProperties) = preSolution
		HideSolutionNode = FALSE
	EndGlobalSection
	GlobalSection(ExtensibilityGlobals) = postSolution
		SolutionGuid = {81686DDE-EF20-4F69-802B-A580E769D322}
	EndGlobalSection
EndGlobal
